{
  "name": "datamigration",
  "version": "1.0.0",
  "lockfileVersion": 2,
  "requires": true,
  "packages": {
    "": {
      "name": "datamigration",
      "version": "1.0.0",
      "license": "ISC",
      "dependencies": {
        "dotenv": "^16.0.0",
        "newbackend": "file:../backend",
        "olddbmodel": "file:../olddbmodel",
        "typescript": "^4.6.3"
      }
    },
    "../backend": {
      "name": "neoregistrosperfect",
      "version": "1.0.0",
      "license": "ISC",
      "dependencies": {
        "@hapi/boom": "^9.1.4",
        "@types/bcrypt": "^5.0.0",
        "@types/moment": "^2.13.0",
        "@types/passport-jwt": "^3.0.6",
        "@types/passport-local": "^1.0.34",
        "bcrypt": "^5.0.1",
        "date-fns": "^2.28.0",
        "express": "^4.17.3",
        "faker": "^6.6.6",
        "jsonwebtoken": "^8.5.1",
        "moment": "^2.29.1",
        "mongoose": "^6.2.5",
        "passport": "^0.5.2",
        "passport-jwt": "^4.0.0",
        "passport-local": "^1.0.0",
        "supertest": "^6.2.2",
        "typescript": "^4.6.2",
        "vuetify-dialog": "^2.0.17"
      },
      "devDependencies": {
        "@types/dotenv": "^8.2.0",
        "@types/express": "^4.17.13",
        "@types/faker": "^6.6.9",
        "@types/supertest": "^2.0.11",
        "dotenv": "^16.0.0",
        "nodemon": "^2.0.15",
        "ts-node": "^10.7.0"
      }
    },
    "../olddbmodel": {
      "name": "acavihfnode",
      "version": "1.0.0",
      "dependencies": {
        "axios": "^0.21.1",
        "bcrypt": "^5.0.1",
        "change-case": "^4.1.2",
        "core-js": "^3.15.1",
        "cors": "^2.8.5",
        "dayjs": "^1.10.6",
        "dotenv": "^10.0.0",
        "express": "^4.17.1",
        "jsonwebtoken": "^8.5.1",
        "lodash": "^4.17.21",
        "moment": "^2.29.1",
        "mongoose": "^5.13.3",
        "node-mongotools": "^1.1.4"
      },
      "devDependencies": {
        "@babel/eslint-parser": "^7.14.7",
        "eslint": "^7.29.0",
        "nodemon": "^2.0.12",
        "sequelize-cli": "^6.4.1"
      }
    },
    "node_modules/dotenv": {
      "version": "16.0.0",
      "resolved": "https://registry.npmjs.org/dotenv/-/dotenv-16.0.0.tgz",
      "integrity": "sha512-qD9WU0MPM4SWLPJy/r2Be+2WgQj8plChsyrCNQzW/0WjvcJQiKQJ9mH3ZgB3fxbUUxgc/11ZJ0Fi5KiimWGz2Q==",
      "engines": {
        "node": ">=12"
      }
    },
    "node_modules/newbackend": {
      "resolved": "../backend",
      "link": true
    },
    "node_modules/olddbmodel": {
      "resolved": "../olddbmodel",
      "link": true
    },
    "node_modules/typescript": {
      "version": "4.6.3",
      "resolved": "https://registry.npmjs.org/typescript/-/typescript-4.6.3.tgz",
      "integrity": "sha512-yNIatDa5iaofVozS/uQJEl3JRWLKKGJKh6Yaiv0GLGSuhpFJe7P3SbHZ8/yjAHRQwKRoA6YZqlfjXWmVzoVSMw==",
      "bin": {
        "tsc": "bin/tsc",
        "tsserver": "bin/tsserver"
      },
      "engines": {
        "node": ">=4.2.0"
      }
    }
  },
  "dependencies": {
    "dotenv": {
      "version": "16.0.0",
      "resolved": "https://registry.npmjs.org/dotenv/-/dotenv-16.0.0.tgz",
      "integrity": "sha512-qD9WU0MPM4SWLPJy/r2Be+2WgQj8plChsyrCNQzW/0WjvcJQiKQJ9mH3ZgB3fxbUUxgc/11ZJ0Fi5KiimWGz2Q=="
    },
    "newbackend": {
      "version": "file:../backend",
      "requires": {
        "@hapi/boom": "^9.1.4",
        "@types/bcrypt": "^5.0.0",
        "@types/dotenv": "^8.2.0",
        "@types/express": "^4.17.13",
        "@types/faker": "^6.6.9",
        "@types/moment": "^2.13.0",
        "@types/passport-jwt": "^3.0.6",
        "@types/passport-local": "^1.0.34",
        "@types/supertest": "^2.0.11",
        "bcrypt": "^5.0.1",
        "date-fns": "^2.28.0",
        "dotenv": "^16.0.0",
        "express": "^4.17.3",
        "faker": "^6.6.6",
        "jsonwebtoken": "^8.5.1",
        "moment": "^2.29.1",
        "mongoose": "^6.2.5",
        "nodemon": "^2.0.15",
        "passport": "^0.5.2",
        "passport-jwt": "^4.0.0",
        "passport-local": "^1.0.0",
        "supertest": "^6.2.2",
        "ts-node": "^10.7.0",
        "typescript": "^4.6.2",
        "vuetify-dialog": "^2.0.17"
      }
    },
    "olddbmodel": {
      "version": "file:../olddbmodel",
      "requires": {
        "@babel/eslint-parser": "^7.14.7",
        "axios": "^0.21.1",
        "bcrypt": "^5.0.1",
        "change-case": "^4.1.2",
        "core-js": "^3.15.1",
        "cors": "^2.8.5",
        "dayjs": "^1.10.6",
        "dotenv": "^10.0.0",
        "eslint": "^7.29.0",
        "express": "^4.17.1",
        "jsonwebtoken": "^8.5.1",
        "lodash": "^4.17.21",
        "moment": "^2.29.1",
        "mongoose": "^5.13.3",
        "node-mongotools": "^1.1.4",
        "nodemon": "^2.0.12",
        "sequelize-cli": "^6.4.1"
      }
    },
    "typescript": {
      "version": "4.6.3",
      "resolved": "https://registry.npmjs.org/typescript/-/typescript-4.6.3.tgz",
      "integrity": "sha512-yNIatDa5iaofVozS/uQJEl3JRWLKKGJKh6Yaiv0GLGSuhpFJe7P3SbHZ8/yjAHRQwKRoA6YZqlfjXWmVzoVSMw=="
    }
  }
}
